// !$*UTF8*$!
{
	archiveVersion = 1;
	classes = {
	};
	objectVersion = 56;
	objects = {

/* Begin PBXBuildFile section */
		111111111111111111111101 /* AppSigningInspectorApp.swift in Sources */ = {isa = PBXBuildFile; fileRef = 111111111111111111111001 /* AppSigningInspectorApp.swift */; };
		111111111111111111111102 /* ContentView.swift in Sources */ = {isa = PBXBuildFile; fileRef = 111111111111111111111002 /* ContentView.swift */; };
		111111111111111111111103 /* Assets.xcassets in Resources */ = {isa = PBXBuildFile; fileRef = 111111111111111111111003 /* Assets.xcassets */; };
		111111111111111111111104 /* AppSigningInspectorTests.swift in Sources */ = {isa = PBXBuildFile; fileRef = 111111111111111111111004 /* AppSigningInspectorTests.swift */; };
		111111111111111111111105 /* SelectedApplication.swift in Sources */ = {isa = PBXBuildFile; fileRef = 111111111111111111111007 /* SelectedApplication.swift */; };
		111111111111111111111106 /* ApplicationPicking.swift in Sources */ = {isa = PBXBuildFile; fileRef = 111111111111111111111008 /* ApplicationPicking.swift */; };
		111111111111111111111107 /* ApplicationIconLoading.swift in Sources */ = {isa = PBXBuildFile; fileRef = 111111111111111111111009 /* ApplicationIconLoading.swift */; };
		111111111111111111111108 /* ApplicationPickerService.swift in Sources */ = {isa = PBXBuildFile; fileRef = 111111111111111111111010 /* ApplicationPickerService.swift */; };
		111111111111111111111109 /* ApplicationBrowserViewModel.swift in Sources */ = {isa = PBXBuildFile; fileRef = 111111111111111111111011 /* ApplicationBrowserViewModel.swift */; };
		11111111111111111111110A /* ApplicationMetadata.swift in Sources */ = {isa = PBXBuildFile; fileRef = 111111111111111111111012 /* ApplicationMetadata.swift */; };
		11111111111111111111110B /* ApplicationMetadataInspecting.swift in Sources */ = {isa = PBXBuildFile; fileRef = 111111111111111111111013 /* ApplicationMetadataInspecting.swift */; };
		11111111111111111111110C /* ClipboardWriting.swift in Sources */ = {isa = PBXBuildFile; fileRef = 111111111111111111111014 /* ClipboardWriting.swift */; };
		11111111111111111111110D /* ApplicationMetadataInspector.swift in Sources */ = {isa = PBXBuildFile; fileRef = 111111111111111111111015 /* ApplicationMetadataInspector.swift */; };
		11111111111111111111110E /* PasteboardClipboardWriter.swift in Sources */ = {isa = PBXBuildFile; fileRef = 111111111111111111111016 /* PasteboardClipboardWriter.swift */; };
		11111111111111111111110F /* ProcessResult.swift in Sources */ = {isa = PBXBuildFile; fileRef = 111111111111111111111017 /* ProcessResult.swift */; };
		111111111111111111111110 /* CodeSignatureInfo.swift in Sources */ = {isa = PBXBuildFile; fileRef = 111111111111111111111018 /* CodeSignatureInfo.swift */; };
		111111111111111111111111 /* ProcessRunning.swift in Sources */ = {isa = PBXBuildFile; fileRef = 111111111111111111111019 /* ProcessRunning.swift */; };
		111111111111111111111112 /* CodeSignatureInspecting.swift in Sources */ = {isa = PBXBuildFile; fileRef = 111111111111111111111020 /* CodeSignatureInspecting.swift */; };
		111111111111111111111113 /* CodeSignatureOutputParsing.swift in Sources */ = {isa = PBXBuildFile; fileRef = 111111111111111111111021 /* CodeSignatureOutputParsing.swift */; };
		111111111111111111111114 /* FoundationProcessRunner.swift in Sources */ = {isa = PBXBuildFile; fileRef = 111111111111111111111022 /* FoundationProcessRunner.swift */; };
		111111111111111111111115 /* CodeSignatureOutputParser.swift in Sources */ = {isa = PBXBuildFile; fileRef = 111111111111111111111023 /* CodeSignatureOutputParser.swift */; };
		111111111111111111111116 /* ApplicationCodeSignatureInspector.swift in Sources */ = {isa = PBXBuildFile; fileRef = 111111111111111111111024 /* ApplicationCodeSignatureInspector.swift */; };
		111111111111111111111117 /* CodeSignatureOutputParserTests.swift in Sources */ = {isa = PBXBuildFile; fileRef = 111111111111111111111025 /* CodeSignatureOutputParserTests.swift */; };
		111111111111111111111118 /* ApplicationCodeSignatureViewModelTests.swift in Sources */ = {isa = PBXBuildFile; fileRef = 111111111111111111111026 /* ApplicationCodeSignatureViewModelTests.swift */; };
		111111111111111111111119 /* DesignatedRequirementOutputParsing.swift in Sources */ = {isa = PBXBuildFile; fileRef = 111111111111111111111027 /* DesignatedRequirementOutputParsing.swift */; };
		11111111111111111111111A /* DesignatedRequirementOutputParser.swift in Sources */ = {isa = PBXBuildFile; fileRef = 111111111111111111111028 /* DesignatedRequirementOutputParser.swift */; };
		11111111111111111111111B /* DesignatedRequirementOutputParserTests.swift in Sources */ = {isa = PBXBuildFile; fileRef = 111111111111111111111029 /* DesignatedRequirementOutputParserTests.swift */; };
		11111111111111111111111C /* ApplicationSecurityAssessment.swift in Sources */ = {isa = PBXBuildFile; fileRef = 11111111111111111111102A /* ApplicationSecurityAssessment.swift */; };
		11111111111111111111111D /* SecurityAssessing.swift in Sources */ = {isa = PBXBuildFile; fileRef = 11111111111111111111102B /* SecurityAssessing.swift */; };
		11111111111111111111111E /* GatekeeperAssessmentParser.swift in Sources */ = {isa = PBXBuildFile; fileRef = 11111111111111111111102C /* GatekeeperAssessmentParser.swift */; };
		11111111111111111111111F /* ArchitectureAssessmentParser.swift in Sources */ = {isa = PBXBuildFile; fileRef = 11111111111111111111102D /* ArchitectureAssessmentParser.swift */; };
		111111111111111111111120 /* ApplicationSecurityAssessor.swift in Sources */ = {isa = PBXBuildFile; fileRef = 11111111111111111111102E /* ApplicationSecurityAssessor.swift */; };
		111111111111111111111121 /* GatekeeperAssessmentParserTests.swift in Sources */ = {isa = PBXBuildFile; fileRef = 11111111111111111111102F /* GatekeeperAssessmentParserTests.swift */; };
		111111111111111111111122 /* ArchitectureAssessmentParserTests.swift in Sources */ = {isa = PBXBuildFile; fileRef = 111111111111111111111030 /* ArchitectureAssessmentParserTests.swift */; };
		111111111111111111111123 /* ApplicationSecurityViewModelTests.swift in Sources */ = {isa = PBXBuildFile; fileRef = 111111111111111111111031 /* ApplicationSecurityViewModelTests.swift */; };
		111111111111111111111124 /* SecuritySectionView.swift in Sources */ = {isa = PBXBuildFile; fileRef = 111111111111111111111032 /* SecuritySectionView.swift */; };
		111111111111111111111125 /* DDMApplicationSettingsDeclaration.swift in Sources */ = {isa = PBXBuildFile; fileRef = 111111111111111111111033 /* DDMApplicationSettingsDeclaration.swift */; };
		111111111111111111111126 /* PolicyEntry.swift in Sources */ = {isa = PBXBuildFile; fileRef = 111111111111111111111034 /* PolicyEntry.swift */; };
		111111111111111111111127 /* WorkspaceDestination.swift in Sources */ = {isa = PBXBuildFile; fileRef = 111111111111111111111035 /* WorkspaceDestination.swift */; };
		111111111111111111111128 /* DDMDeclarationGenerating.swift in Sources */ = {isa = PBXBuildFile; fileRef = 111111111111111111111036 /* DDMDeclarationGenerating.swift */; };
		111111111111111111111129 /* JSONExporting.swift in Sources */ = {isa = PBXBuildFile; fileRef = 111111111111111111111037 /* JSONExporting.swift */; };
		11111111111111111111112A /* PolicyApplicationPicking.swift in Sources */ = {isa = PBXBuildFile; fileRef = 111111111111111111111038 /* PolicyApplicationPicking.swift */; };
		11111111111111111111112B /* DDMDeclarationGenerator.swift in Sources */ = {isa = PBXBuildFile; fileRef = 111111111111111111111039 /* DDMDeclarationGenerator.swift */; };
		11111111111111111111112C /* JSONExportService.swift in Sources */ = {isa = PBXBuildFile; fileRef = 11111111111111111111103A /* JSONExportService.swift */; };
		11111111111111111111112D /* PolicyBuilderViewModel.swift in Sources */ = {isa = PBXBuildFile; fileRef = 11111111111111111111103B /* PolicyBuilderViewModel.swift */; };
		11111111111111111111112E /* PolicyBuilderView.swift in Sources */ = {isa = PBXBuildFile; fileRef = 11111111111111111111103C /* PolicyBuilderView.swift */; };
		11111111111111111111112F /* DDMDeclarationGeneratorTests.swift in Sources */ = {isa = PBXBuildFile; fileRef = 11111111111111111111103D /* DDMDeclarationGeneratorTests.swift */; };
		111111111111111111111130 /* PolicyBuilderViewModelTests.swift in Sources */ = {isa = PBXBuildFile; fileRef = 11111111111111111111103E /* PolicyBuilderViewModelTests.swift */; };
		111111111111111111111131 /* WorkspaceNavigationTests.swift in Sources */ = {isa = PBXBuildFile; fileRef = 11111111111111111111103F /* WorkspaceNavigationTests.swift */; };
		111111111111111111111132 /* PolicyRule.swift in Sources */ = {isa = PBXBuildFile; fileRef = 111111111111111111111040 /* PolicyRule.swift */; };
		111111111111111111111133 /* PolicyRuleValidator.swift in Sources */ = {isa = PBXBuildFile; fileRef = 111111111111111111111041 /* PolicyRuleValidator.swift */; };
		111111111111111111111134 /* PolicyRuleEditorView.swift in Sources */ = {isa = PBXBuildFile; fileRef = 111111111111111111111042 /* PolicyRuleEditorView.swift */; };
		111111111111111111111135 /* PolicyRuleValidatorTests.swift in Sources */ = {isa = PBXBuildFile; fileRef = 111111111111111111111043 /* PolicyRuleValidatorTests.swift */; };
/* End PBXBuildFile section */

/* Begin PBXContainerItemProxy section */
		111111111111111111111201 /* PBXContainerItemProxy */ = {
			isa = PBXContainerItemProxy;
			containerPortal = 111111111111111111111300 /* Project object */;
			proxyType = 1;
			remoteGlobalIDString = 111111111111111111111401;
			remoteInfo = AppSigningInspector;
		};
/* End PBXContainerItemProxy section */

/* Begin PBXFileReference section */
		111111111111111111111001 /* AppSigningInspectorApp.swift */ = {isa = PBXFileReference; lastKnownFileType = sourcecode.swift; path = AppSigningInspectorApp.swift; sourceTree = "<group>"; };
		111111111111111111111002 /* ContentView.swift */ = {isa = PBXFileReference; lastKnownFileType = sourcecode.swift; path = ContentView.swift; sourceTree = "<group>"; };
		111111111111111111111003 /* Assets.xcassets */ = {isa = PBXFileReference; lastKnownFileType = folder.assetcatalog; path = Assets.xcassets; sourceTree = "<group>"; };
		111111111111111111111004 /* AppSigningInspectorTests.swift */ = {isa = PBXFileReference; lastKnownFileType = sourcecode.swift; path = AppSigningInspectorTests.swift; sourceTree = "<group>"; };
		111111111111111111111005 /* App Signing Inspector.app */ = {isa = PBXFileReference; explicitFileType = wrapper.application; includeInIndex = 0; path = "App Signing Inspector.app"; sourceTree = BUILT_PRODUCTS_DIR; };
		111111111111111111111006 /* AppSigningInspectorTests.xctest */ = {isa = PBXFileReference; explicitFileType = wrapper.cfbundle; includeInIndex = 0; path = AppSigningInspectorTests.xctest; sourceTree = BUILT_PRODUCTS_DIR; };
		111111111111111111111007 /* SelectedApplication.swift */ = {isa = PBXFileReference; lastKnownFileType = sourcecode.swift; path = SelectedApplication.swift; sourceTree = "<group>"; };
		111111111111111111111008 /* ApplicationPicking.swift */ = {isa = PBXFileReference; lastKnownFileType = sourcecode.swift; path = ApplicationPicking.swift; sourceTree = "<group>"; };
		111111111111111111111009 /* ApplicationIconLoading.swift */ = {isa = PBXFileReference; lastKnownFileType = sourcecode.swift; path = ApplicationIconLoading.swift; sourceTree = "<group>"; };
		111111111111111111111010 /* ApplicationPickerService.swift */ = {isa = PBXFileReference; lastKnownFileType = sourcecode.swift; path = ApplicationPickerService.swift; sourceTree = "<group>"; };
		111111111111111111111011 /* ApplicationBrowserViewModel.swift */ = {isa = PBXFileReference; lastKnownFileType = sourcecode.swift; path = ApplicationBrowserViewModel.swift; sourceTree = "<group>"; };
		111111111111111111111012 /* ApplicationMetadata.swift */ = {isa = PBXFileReference; lastKnownFileType = sourcecode.swift; path = ApplicationMetadata.swift; sourceTree = "<group>"; };
		111111111111111111111013 /* ApplicationMetadataInspecting.swift */ = {isa = PBXFileReference; lastKnownFileType = sourcecode.swift; path = ApplicationMetadataInspecting.swift; sourceTree = "<group>"; };
		111111111111111111111014 /* ClipboardWriting.swift */ = {isa = PBXFileReference; lastKnownFileType = sourcecode.swift; path = ClipboardWriting.swift; sourceTree = "<group>"; };
		111111111111111111111015 /* ApplicationMetadataInspector.swift */ = {isa = PBXFileReference; lastKnownFileType = sourcecode.swift; path = ApplicationMetadataInspector.swift; sourceTree = "<group>"; };
		111111111111111111111016 /* PasteboardClipboardWriter.swift */ = {isa = PBXFileReference; lastKnownFileType = sourcecode.swift; path = PasteboardClipboardWriter.swift; sourceTree = "<group>"; };
		111111111111111111111017 /* ProcessResult.swift */ = {isa = PBXFileReference; lastKnownFileType = sourcecode.swift; path = ProcessResult.swift; sourceTree = "<group>"; };
		111111111111111111111018 /* CodeSignatureInfo.swift */ = {isa = PBXFileReference; lastKnownFileType = sourcecode.swift; path = CodeSignatureInfo.swift; sourceTree = "<group>"; };
		111111111111111111111019 /* ProcessRunning.swift */ = {isa = PBXFileReference; lastKnownFileType = sourcecode.swift; path = ProcessRunning.swift; sourceTree = "<group>"; };
		111111111111111111111020 /* CodeSignatureInspecting.swift */ = {isa = PBXFileReference; lastKnownFileType = sourcecode.swift; path = CodeSignatureInspecting.swift; sourceTree = "<group>"; };
		111111111111111111111021 /* CodeSignatureOutputParsing.swift */ = {isa = PBXFileReference; lastKnownFileType = sourcecode.swift; path = CodeSignatureOutputParsing.swift; sourceTree = "<group>"; };
		111111111111111111111022 /* FoundationProcessRunner.swift */ = {isa = PBXFileReference; lastKnownFileType = sourcecode.swift; path = FoundationProcessRunner.swift; sourceTree = "<group>"; };
		111111111111111111111023 /* CodeSignatureOutputParser.swift */ = {isa = PBXFileReference; lastKnownFileType = sourcecode.swift; path = CodeSignatureOutputParser.swift; sourceTree = "<group>"; };
		111111111111111111111024 /* ApplicationCodeSignatureInspector.swift */ = {isa = PBXFileReference; lastKnownFileType = sourcecode.swift; path = ApplicationCodeSignatureInspector.swift; sourceTree = "<group>"; };
		111111111111111111111025 /* CodeSignatureOutputParserTests.swift */ = {isa = PBXFileReference; lastKnownFileType = sourcecode.swift; path = CodeSignatureOutputParserTests.swift; sourceTree = "<group>"; };
		111111111111111111111026 /* ApplicationCodeSignatureViewModelTests.swift */ = {isa = PBXFileReference; lastKnownFileType = sourcecode.swift; path = ApplicationCodeSignatureViewModelTests.swift; sourceTree = "<group>"; };
		111111111111111111111027 /* DesignatedRequirementOutputParsing.swift */ = {isa = PBXFileReference; lastKnownFileType = sourcecode.swift; path = DesignatedRequirementOutputParsing.swift; sourceTree = "<group>"; };
		111111111111111111111028 /* DesignatedRequirementOutputParser.swift */ = {isa = PBXFileReference; lastKnownFileType = sourcecode.swift; path = DesignatedRequirementOutputParser.swift; sourceTree = "<group>"; };
		111111111111111111111029 /* DesignatedRequirementOutputParserTests.swift */ = {isa = PBXFileReference; lastKnownFileType = sourcecode.swift; path = DesignatedRequirementOutputParserTests.swift; sourceTree = "<group>"; };
		11111111111111111111102A /* ApplicationSecurityAssessment.swift */ = {isa = PBXFileReference; lastKnownFileType = sourcecode.swift; path = ApplicationSecurityAssessment.swift; sourceTree = "<group>"; };
		11111111111111111111102B /* SecurityAssessing.swift */ = {isa = PBXFileReference; lastKnownFileType = sourcecode.swift; path = SecurityAssessing.swift; sourceTree = "<group>"; };
		11111111111111111111102C /* GatekeeperAssessmentParser.swift */ = {isa = PBXFileReference; lastKnownFileType = sourcecode.swift; path = GatekeeperAssessmentParser.swift; sourceTree = "<group>"; };
		11111111111111111111102D /* ArchitectureAssessmentParser.swift */ = {isa = PBXFileReference; lastKnownFileType = sourcecode.swift; path = ArchitectureAssessmentParser.swift; sourceTree = "<group>"; };
		11111111111111111111102E /* ApplicationSecurityAssessor.swift */ = {isa = PBXFileReference; lastKnownFileType = sourcecode.swift; path = ApplicationSecurityAssessor.swift; sourceTree = "<group>"; };
		11111111111111111111102F /* GatekeeperAssessmentParserTests.swift */ = {isa = PBXFileReference; lastKnownFileType = sourcecode.swift; path = GatekeeperAssessmentParserTests.swift; sourceTree = "<group>"; };
		111111111111111111111030 /* ArchitectureAssessmentParserTests.swift */ = {isa = PBXFileReference; lastKnownFileType = sourcecode.swift; path = ArchitectureAssessmentParserTests.swift; sourceTree = "<group>"; };
		111111111111111111111031 /* ApplicationSecurityViewModelTests.swift */ = {isa = PBXFileReference; lastKnownFileType = sourcecode.swift; path = ApplicationSecurityViewModelTests.swift; sourceTree = "<group>"; };
		111111111111111111111032 /* SecuritySectionView.swift */ = {isa = PBXFileReference; lastKnownFileType = sourcecode.swift; path = SecuritySectionView.swift; sourceTree = "<group>"; };
		111111111111111111111033 /* DDMApplicationSettingsDeclaration.swift */ = {isa = PBXFileReference; lastKnownFileType = sourcecode.swift; path = DDMApplicationSettingsDeclaration.swift; sourceTree = "<group>"; };
		111111111111111111111034 /* PolicyEntry.swift */ = {isa = PBXFileReference; lastKnownFileType = sourcecode.swift; path = PolicyEntry.swift; sourceTree = "<group>"; };
		111111111111111111111035 /* WorkspaceDestination.swift */ = {isa = PBXFileReference; lastKnownFileType = sourcecode.swift; path = WorkspaceDestination.swift; sourceTree = "<group>"; };
		111111111111111111111036 /* DDMDeclarationGenerating.swift */ = {isa = PBXFileReference; lastKnownFileType = sourcecode.swift; path = DDMDeclarationGenerating.swift; sourceTree = "<group>"; };
		111111111111111111111037 /* JSONExporting.swift */ = {isa = PBXFileReference; lastKnownFileType = sourcecode.swift; path = JSONExporting.swift; sourceTree = "<group>"; };
		111111111111111111111038 /* PolicyApplicationPicking.swift */ = {isa = PBXFileReference; lastKnownFileType = sourcecode.swift; path = PolicyApplicationPicking.swift; sourceTree = "<group>"; };
		111111111111111111111039 /* DDMDeclarationGenerator.swift */ = {isa = PBXFileReference; lastKnownFileType = sourcecode.swift; path = DDMDeclarationGenerator.swift; sourceTree = "<group>"; };
		11111111111111111111103A /* JSONExportService.swift */ = {isa = PBXFileReference; lastKnownFileType = sourcecode.swift; path = JSONExportService.swift; sourceTree = "<group>"; };
		11111111111111111111103B /* PolicyBuilderViewModel.swift */ = {isa = PBXFileReference; lastKnownFileType = sourcecode.swift; path = PolicyBuilderViewModel.swift; sourceTree = "<group>"; };
		11111111111111111111103C /* PolicyBuilderView.swift */ = {isa = PBXFileReference; lastKnownFileType = sourcecode.swift; path = PolicyBuilderView.swift; sourceTree = "<group>"; };
		11111111111111111111103D /* DDMDeclarationGeneratorTests.swift */ = {isa = PBXFileReference; lastKnownFileType = sourcecode.swift; path = DDMDeclarationGeneratorTests.swift; sourceTree = "<group>"; };
		11111111111111111111103E /* PolicyBuilderViewModelTests.swift */ = {isa = PBXFileReference; lastKnownFileType = sourcecode.swift; path = PolicyBuilderViewModelTests.swift; sourceTree = "<group>"; };
		11111111111111111111103F /* WorkspaceNavigationTests.swift */ = {isa = PBXFileReference; lastKnownFileType = sourcecode.swift; path = WorkspaceNavigationTests.swift; sourceTree = "<group>"; };
		111111111111111111111040 /* PolicyRule.swift */ = {isa = PBXFileReference; lastKnownFileType = sourcecode.swift; path = PolicyRule.swift; sourceTree = "<group>"; };
		111111111111111111111041 /* PolicyRuleValidator.swift */ = {isa = PBXFileReference; lastKnownFileType = sourcecode.swift; path = PolicyRuleValidator.swift; sourceTree = "<group>"; };
		111111111111111111111042 /* PolicyRuleEditorView.swift */ = {isa = PBXFileReference; lastKnownFileType = sourcecode.swift; path = PolicyRuleEditorView.swift; sourceTree = "<group>"; };
		111111111111111111111043 /* PolicyRuleValidatorTests.swift */ = {isa = PBXFileReference; lastKnownFileType = sourcecode.swift; path = PolicyRuleValidatorTests.swift; sourceTree = "<group>"; };
/* End PBXFileReference section */

/* Begin PBXFrameworksBuildPhase section */
		111111111111111111111501 /* Frameworks */ = {
			isa = PBXFrameworksBuildPhase;
			buildActionMask = 2147483647;
			files = (
			);
			runOnlyForDeploymentPostprocessing = 0;
		};
		111111111111111111111502 /* Frameworks */ = {
			isa = PBXFrameworksBuildPhase;
			buildActionMask = 2147483647;
			files = (
			);
			runOnlyForDeploymentPostprocessing = 0;
		};
/* End PBXFrameworksBuildPhase section */

/* Begin PBXGroup section */
		111111111111111111111600 = {
			isa = PBXGroup;
			children = (
				111111111111111111111601 /* AppSigningInspector */,
				111111111111111111111700 /* AppSigningInspectorTests */,
				111111111111111111111602 /* Products */,
			);
			sourceTree = "<group>";
		};
		111111111111111111111601 /* AppSigningInspector */ = {
			isa = PBXGroup;
			children = (
				111111111111111111111001 /* AppSigningInspectorApp.swift */,
				111111111111111111111610 /* Models */,
				111111111111111111111611 /* Views */,
				111111111111111111111612 /* ViewModels */,
				111111111111111111111613 /* Services */,
				111111111111111111111614 /* Protocols */,
				111111111111111111111615 /* Utilities */,
				111111111111111111111616 /* Resources */,
			);
			path = AppSigningInspector;
			sourceTree = "<group>";
		};
		111111111111111111111602 /* Products */ = {
			isa = PBXGroup;
			children = (
				111111111111111111111005 /* App Signing Inspector.app */,
				111111111111111111111006 /* AppSigningInspectorTests.xctest */,
			);
			name = Products;
			sourceTree = "<group>";
		};
		111111111111111111111610 /* Models */ = {
			isa = PBXGroup;
			children = (
				111111111111111111111012 /* ApplicationMetadata.swift */,
				11111111111111111111102A /* ApplicationSecurityAssessment.swift */,
				111111111111111111111018 /* CodeSignatureInfo.swift */,
				111111111111111111111033 /* DDMApplicationSettingsDeclaration.swift */,
				111111111111111111111034 /* PolicyEntry.swift */,
				111111111111111111111040 /* PolicyRule.swift */,
				111111111111111111111017 /* ProcessResult.swift */,
				111111111111111111111007 /* SelectedApplication.swift */,
				111111111111111111111035 /* WorkspaceDestination.swift */,
			);
			path = Models;
			sourceTree = "<group>";
		};
		111111111111111111111611 /* Views */ = {
			isa = PBXGroup;
			children = (
				111111111111111111111002 /* ContentView.swift */,
				11111111111111111111103C /* PolicyBuilderView.swift */,
				111111111111111111111042 /* PolicyRuleEditorView.swift */,
				111111111111111111111032 /* SecuritySectionView.swift */,
			);
			path = Views;
			sourceTree = "<group>";
		};
		111111111111111111111612 /* ViewModels */ = {
			isa = PBXGroup;
			children = (
				111111111111111111111011 /* ApplicationBrowserViewModel.swift */,
				11111111111111111111103B /* PolicyBuilderViewModel.swift */,
			);
			path = ViewModels;
			sourceTree = "<group>";
		};
		111111111111111111111613 /* Services */ = {
			isa = PBXGroup;
			children = (
				11111111111111111111102D /* ArchitectureAssessmentParser.swift */,
				111111111111111111111024 /* ApplicationCodeSignatureInspector.swift */,
				111111111111111111111015 /* ApplicationMetadataInspector.swift */,
				111111111111111111111010 /* ApplicationPickerService.swift */,
				11111111111111111111102E /* ApplicationSecurityAssessor.swift */,
				111111111111111111111023 /* CodeSignatureOutputParser.swift */,
				111111111111111111111039 /* DDMDeclarationGenerator.swift */,
				111111111111111111111028 /* DesignatedRequirementOutputParser.swift */,
				111111111111111111111022 /* FoundationProcessRunner.swift */,
				11111111111111111111102C /* GatekeeperAssessmentParser.swift */,
				11111111111111111111103A /* JSONExportService.swift */,
				111111111111111111111016 /* PasteboardClipboardWriter.swift */,
				111111111111111111111041 /* PolicyRuleValidator.swift */,
			);
			path = Services;
			sourceTree = "<group>";
		};
		111111111111111111111614 /* Protocols */ = {
			isa = PBXGroup;
			children = (
				111111111111111111111009 /* ApplicationIconLoading.swift */,
				111111111111111111111013 /* ApplicationMetadataInspecting.swift */,
				111111111111111111111008 /* ApplicationPicking.swift */,
				111111111111111111111014 /* ClipboardWriting.swift */,
				111111111111111111111020 /* CodeSignatureInspecting.swift */,
				111111111111111111111021 /* CodeSignatureOutputParsing.swift */,
				111111111111111111111036 /* DDMDeclarationGenerating.swift */,
				111111111111111111111027 /* DesignatedRequirementOutputParsing.swift */,
				111111111111111111111037 /* JSONExporting.swift */,
				111111111111111111111038 /* PolicyApplicationPicking.swift */,
				111111111111111111111019 /* ProcessRunning.swift */,
				11111111111111111111102B /* SecurityAssessing.swift */,
			);
			path = Protocols;
			sourceTree = "<group>";
		};
		111111111111111111111615 /* Utilities */ = {
			isa = PBXGroup;
			children = (
			);
			path = Utilities;
			sourceTree = "<group>";
		};
		111111111111111111111616 /* Resources */ = {
			isa = PBXGroup;
			children = (
				111111111111111111111003 /* Assets.xcassets */,
			);
			path = Resources;
			sourceTree = "<group>";
		};
		111111111111111111111700 /* AppSigningInspectorTests */ = {
			isa = PBXGroup;
			children = (
				111111111111111111111004 /* AppSigningInspectorTests.swift */,
				111111111111111111111026 /* ApplicationCodeSignatureViewModelTests.swift */,
				111111111111111111111031 /* ApplicationSecurityViewModelTests.swift */,
				111111111111111111111030 /* ArchitectureAssessmentParserTests.swift */,
				111111111111111111111025 /* CodeSignatureOutputParserTests.swift */,
				11111111111111111111103D /* DDMDeclarationGeneratorTests.swift */,
				111111111111111111111029 /* DesignatedRequirementOutputParserTests.swift */,
				11111111111111111111102F /* GatekeeperAssessmentParserTests.swift */,
				11111111111111111111103E /* PolicyBuilderViewModelTests.swift */,
				111111111111111111111043 /* PolicyRuleValidatorTests.swift */,
				11111111111111111111103F /* WorkspaceNavigationTests.swift */,
				111111111111111111111701 /* Fixtures */,
			);
			path = AppSigningInspectorTests;
			sourceTree = "<group>";
		};
		111111111111111111111701 /* Fixtures */ = {
			isa = PBXGroup;
			children = (
			);
			path = Fixtures;
			sourceTree = "<group>";
		};
/* End PBXGroup section */

/* Begin PBXNativeTarget section */
		111111111111111111111401 /* AppSigningInspector */ = {
			isa = PBXNativeTarget;
			buildConfigurationList = 111111111111111111111801 /* Build configuration list for PBXNativeTarget "AppSigningInspector" */;
			buildPhases = (
				111111111111111111111503 /* Sources */,
				111111111111111111111501 /* Frameworks */,
				111111111111111111111504 /* Resources */,
			);
			buildRules = (
			);
			dependencies = (
			);
			name = AppSigningInspector;
			productName = AppSigningInspector;
			productReference = 111111111111111111111005 /* App Signing Inspector.app */;
			productType = "com.apple.product-type.application";
		};
		111111111111111111111402 /* AppSigningInspectorTests */ = {
			isa = PBXNativeTarget;
			buildConfigurationList = 111111111111111111111802 /* Build configuration list for PBXNativeTarget "AppSigningInspectorTests" */;
			buildPhases = (
				111111111111111111111505 /* Sources */,
				111111111111111111111502 /* Frameworks */,
				111111111111111111111506 /* Resources */,
			);
			buildRules = (
			);
			dependencies = (
				111111111111111111111202 /* PBXTargetDependency */,
			);
			name = AppSigningInspectorTests;
			productName = AppSigningInspectorTests;
			productReference = 111111111111111111111006 /* AppSigningInspectorTests.xctest */;
			productType = "com.apple.product-type.bundle.unit-test";
		};
/* End PBXNativeTarget section */

/* Begin PBXProject section */
		111111111111111111111300 /* Project object */ = {
			isa = PBXProject;
			attributes = {
				BuildIndependentTargetsInParallel = 1;
				LastSwiftUpdateCheck = 1600;
				LastUpgradeCheck = 1600;
				TargetAttributes = {
					111111111111111111111401 = {
						CreatedOnToolsVersion = 16.0;
					};
					111111111111111111111402 = {
						CreatedOnToolsVersion = 16.0;
						TestTargetID = 111111111111111111111401;
					};
				};
			};
			buildConfigurationList = 111111111111111111111800 /* Build configuration list for PBXProject "AppSigningInspector" */;
			compatibilityVersion = "Xcode 14.0";
			developmentRegion = en;
			hasScannedForEncodings = 0;
			knownRegions = (
				en,
				Base,
			);
			mainGroup = 111111111111111111111600;
			productRefGroup = 111111111111111111111602 /* Products */;
			projectDirPath = "";
			projectRoot = "";
			targets = (
				111111111111111111111401 /* AppSigningInspector */,
				111111111111111111111402 /* AppSigningInspectorTests */,
			);
		};
/* End PBXProject section */

/* Begin PBXResourcesBuildPhase section */
		111111111111111111111504 /* Resources */ = {
			isa = PBXResourcesBuildPhase;
			buildActionMask = 2147483647;
			files = (
				111111111111111111111103 /* Assets.xcassets in Resources */,
			);
			runOnlyForDeploymentPostprocessing = 0;
		};
		111111111111111111111506 /* Resources */ = {
			isa = PBXResourcesBuildPhase;
			buildActionMask = 2147483647;
			files = (
			);
			runOnlyForDeploymentPostprocessing = 0;
		};
/* End PBXResourcesBuildPhase section */

/* Begin PBXSourcesBuildPhase section */
		111111111111111111111503 /* Sources */ = {
			isa = PBXSourcesBuildPhase;
			buildActionMask = 2147483647;
			files = (
				11111111111111111111111F /* ArchitectureAssessmentParser.swift in Sources */,
				111111111111111111111116 /* ApplicationCodeSignatureInspector.swift in Sources */,
				111111111111111111111101 /* AppSigningInspectorApp.swift in Sources */,
				111111111111111111111109 /* ApplicationBrowserViewModel.swift in Sources */,
				111111111111111111111107 /* ApplicationIconLoading.swift in Sources */,
				11111111111111111111110A /* ApplicationMetadata.swift in Sources */,
				11111111111111111111111C /* ApplicationSecurityAssessment.swift in Sources */,
				111111111111111111111120 /* ApplicationSecurityAssessor.swift in Sources */,
				11111111111111111111110B /* ApplicationMetadataInspecting.swift in Sources */,
				111111111111111111111106 /* ApplicationPicking.swift in Sources */,
				111111111111111111111108 /* ApplicationPickerService.swift in Sources */,
				11111111111111111111110D /* ApplicationMetadataInspector.swift in Sources */,
				11111111111111111111110C /* ClipboardWriting.swift in Sources */,
				111111111111111111111110 /* CodeSignatureInfo.swift in Sources */,
				111111111111111111111112 /* CodeSignatureInspecting.swift in Sources */,
				111111111111111111111115 /* CodeSignatureOutputParser.swift in Sources */,
				111111111111111111111113 /* CodeSignatureOutputParsing.swift in Sources */,
				111111111111111111111102 /* ContentView.swift in Sources */,
				111111111111111111111125 /* DDMApplicationSettingsDeclaration.swift in Sources */,
				111111111111111111111128 /* DDMDeclarationGenerating.swift in Sources */,
				11111111111111111111112B /* DDMDeclarationGenerator.swift in Sources */,
				11111111111111111111111A /* DesignatedRequirementOutputParser.swift in Sources */,
				111111111111111111111119 /* DesignatedRequirementOutputParsing.swift in Sources */,
				111111111111111111111114 /* FoundationProcessRunner.swift in Sources */,
				11111111111111111111111E /* GatekeeperAssessmentParser.swift in Sources */,
				111111111111111111111129 /* JSONExporting.swift in Sources */,
				11111111111111111111112C /* JSONExportService.swift in Sources */,
				11111111111111111111110E /* PasteboardClipboardWriter.swift in Sources */,
				11111111111111111111112A /* PolicyApplicationPicking.swift in Sources */,
				11111111111111111111112D /* PolicyBuilderViewModel.swift in Sources */,
				11111111111111111111112E /* PolicyBuilderView.swift in Sources */,
				111111111111111111111126 /* PolicyEntry.swift in Sources */,
				111111111111111111111132 /* PolicyRule.swift in Sources */,
				111111111111111111111133 /* PolicyRuleValidator.swift in Sources */,
				111111111111111111111134 /* PolicyRuleEditorView.swift in Sources */,
				11111111111111111111110F /* ProcessResult.swift in Sources */,
				111111111111111111111111 /* ProcessRunning.swift in Sources */,
				111111111111111111111124 /* SecuritySectionView.swift in Sources */,
				11111111111111111111111D /* SecurityAssessing.swift in Sources */,
				111111111111111111111105 /* SelectedApplication.swift in Sources */,
				111111111111111111111127 /* WorkspaceDestination.swift in Sources */,
			);
			runOnlyForDeploymentPostprocessing = 0;
		};
		111111111111111111111505 /* Sources */ = {
			isa = PBXSourcesBuildPhase;
			buildActionMask = 2147483647;
			files = (
				111111111111111111111104 /* AppSigningInspectorTests.swift in Sources */,
				111111111111111111111118 /* ApplicationCodeSignatureViewModelTests.swift in Sources */,
				111111111111111111111123 /* ApplicationSecurityViewModelTests.swift in Sources */,
				111111111111111111111122 /* ArchitectureAssessmentParserTests.swift in Sources */,
				111111111111111111111117 /* CodeSignatureOutputParserTests.swift in Sources */,
				11111111111111111111112F /* DDMDeclarationGeneratorTests.swift in Sources */,
				11111111111111111111111B /* DesignatedRequirementOutputParserTests.swift in Sources */,
				111111111111111111111121 /* GatekeeperAssessmentParserTests.swift in Sources */,
				111111111111111111111130 /* PolicyBuilderViewModelTests.swift in Sources */,
				111111111111111111111135 /* PolicyRuleValidatorTests.swift in Sources */,
				111111111111111111111131 /* WorkspaceNavigationTests.swift in Sources */,
			);
			runOnlyForDeploymentPostprocessing = 0;
		};
/* End PBXSourcesBuildPhase section */

/* Begin PBXTargetDependency section */
		111111111111111111111202 /* PBXTargetDependency */ = {
			isa = PBXTargetDependency;
			target = 111111111111111111111401 /* AppSigningInspector */;
			targetProxy = 111111111111111111111201 /* PBXContainerItemProxy */;
		};
/* End PBXTargetDependency section */

/* Begin XCBuildConfiguration section */
		111111111111111111111901 /* Debug */ = {
			isa = XCBuildConfiguration;
			buildSettings = {
				ALWAYS_SEARCH_USER_PATHS = NO;
				CLANG_ANALYZER_NONNULL = YES;
				CLANG_ANALYZER_NUMBER_OBJECT_CONVERSION = YES_AGGRESSIVE;
				CLANG_CXX_LANGUAGE_STANDARD = "gnu++20";
				CLANG_ENABLE_MODULES = YES;
				CLANG_ENABLE_OBJC_ARC = YES;
				CLANG_ENABLE_OBJC_WEAK = YES;
				CLANG_WARN_BLOCK_CAPTURE_AUTORELEASING = YES;
				CLANG_WARN_BOOL_CONVERSION = YES;
				CLANG_WARN_COMMA = YES;
				CLANG_WARN_CONSTANT_CONVERSION = YES;
				CLANG_WARN_DEPRECATED_OBJC_IMPLEMENTATIONS = YES;
				CLANG_WARN_DIRECT_OBJC_ISA_USAGE = YES_ERROR;
				CLANG_WARN_DOCUMENTATION_COMMENTS = YES;
				CLANG_WARN_EMPTY_BODY = YES;
				CLANG_WARN_ENUM_CONVERSION = YES;
				CLANG_WARN_INFINITE_RECURSION = YES;
				CLANG_WARN_INT_CONVERSION = YES;
				CLANG_WARN_NON_LITERAL_NULL_CONVERSION = YES;
				CLANG_WARN_OBJC_IMPLICIT_RETAIN_SELF = YES;
				CLANG_WARN_OBJC_LITERAL_CONVERSION = YES;
				CLANG_WARN_OBJC_ROOT_CLASS = YES_ERROR;
				CLANG_WARN_QUOTED_INCLUDE_IN_FRAMEWORK_HEADER = YES;
				CLANG_WARN_RANGE_LOOP_ANALYSIS = YES;
				CLANG_WARN_STRICT_PROTOTYPES = YES;
				CLANG_WARN_SUSPICIOUS_MOVE = YES;
				CLANG_WARN_UNGUARDED_AVAILABILITY = YES_AGGRESSIVE;
				CLANG_WARN_UNREACHABLE_CODE = YES;
				CLANG_WARN__DUPLICATE_METHOD_MATCH = YES;
				COPY_PHASE_STRIP = NO;
				DEAD_CODE_STRIPPING = YES;
				DEBUG_INFORMATION_FORMAT = dwarf;
				ENABLE_STRICT_OBJC_MSGSEND = YES;
				ENABLE_TESTABILITY = YES;
				ENABLE_USER_SCRIPT_SANDBOXING = YES;
				GCC_C_LANGUAGE_STANDARD = gnu17;
				GCC_DYNAMIC_NO_PIC = NO;
				GCC_NO_COMMON_BLOCKS = YES;
				GCC_OPTIMIZATION_LEVEL = 0;
				GCC_PREPROCESSOR_DEFINITIONS = (
					"DEBUG=1",
					"$(inherited)",
				);
				GCC_WARN_64_TO_32_BIT_CONVERSION = YES;
				GCC_WARN_ABOUT_RETURN_TYPE = YES_ERROR;
				GCC_WARN_UNDECLARED_SELECTOR = YES;
				GCC_WARN_UNINITIALIZED_AUTOS = YES_AGGRESSIVE;
				GCC_WARN_UNUSED_FUNCTION = YES;
				GCC_WARN_UNUSED_VARIABLE = YES;
				LOCALIZATION_PREFERS_STRING_CATALOGS = YES;
				MACOSX_DEPLOYMENT_TARGET = 15.0;
				MTL_ENABLE_DEBUG_INFO = INCLUDE_SOURCE;
				MTL_FAST_MATH = YES;
				ONLY_ACTIVE_ARCH = YES;
				SDKROOT = macosx;
				STRING_CATALOG_GENERATE_SYMBOLS = YES;
				SWIFT_ACTIVE_COMPILATION_CONDITIONS = "DEBUG $(inherited)";
				SWIFT_OPTIMIZATION_LEVEL = "-Onone";
				SWIFT_VERSION = 6.0;
			};
			name = Debug;
		};
		111111111111111111111902 /* Release */ = {
			isa = XCBuildConfiguration;
			buildSettings = {
				ALWAYS_SEARCH_USER_PATHS = NO;
				CLANG_ANALYZER_NONNULL = YES;
				CLANG_ANALYZER_NUMBER_OBJECT_CONVERSION = YES_AGGRESSIVE;
				CLANG_CXX_LANGUAGE_STANDARD = "gnu++20";
				CLANG_ENABLE_MODULES = YES;
				CLANG_ENABLE_OBJC_ARC = YES;
				CLANG_ENABLE_OBJC_WEAK = YES;
				CLANG_WARN_BLOCK_CAPTURE_AUTORELEASING = YES;
				CLANG_WARN_BOOL_CONVERSION = YES;
				CLANG_WARN_COMMA = YES;
				CLANG_WARN_CONSTANT_CONVERSION = YES;
				CLANG_WARN_DEPRECATED_OBJC_IMPLEMENTATIONS = YES;
				CLANG_WARN_DIRECT_OBJC_ISA_USAGE = YES_ERROR;
				CLANG_WARN_DOCUMENTATION_COMMENTS = YES;
				CLANG_WARN_EMPTY_BODY = YES;
				CLANG_WARN_ENUM_CONVERSION = YES;
				CLANG_WARN_INFINITE_RECURSION = YES;
				CLANG_WARN_INT_CONVERSION = YES;
				CLANG_WARN_NON_LITERAL_NULL_CONVERSION = YES;
				CLANG_WARN_OBJC_IMPLICIT_RETAIN_SELF = YES;
				CLANG_WARN_OBJC_LITERAL_CONVERSION = YES;
				CLANG_WARN_OBJC_ROOT_CLASS = YES_ERROR;
				CLANG_WARN_QUOTED_INCLUDE_IN_FRAMEWORK_HEADER = YES;
				CLANG_WARN_RANGE_LOOP_ANALYSIS = YES;
				CLANG_WARN_STRICT_PROTOTYPES = YES;
				CLANG_WARN_SUSPICIOUS_MOVE = YES;
				CLANG_WARN_UNGUARDED_AVAILABILITY = YES_AGGRESSIVE;
				CLANG_WARN_UNREACHABLE_CODE = YES;
				CLANG_WARN__DUPLICATE_METHOD_MATCH = YES;
				COPY_PHASE_STRIP = NO;
				DEAD_CODE_STRIPPING = YES;
				DEBUG_INFORMATION_FORMAT = "dwarf-with-dsym";
				ENABLE_NS_ASSERTIONS = NO;
				ENABLE_STRICT_OBJC_MSGSEND = YES;
				ENABLE_USER_SCRIPT_SANDBOXING = YES;
				GCC_C_LANGUAGE_STANDARD = gnu17;
				GCC_NO_COMMON_BLOCKS = YES;
				GCC_WARN_64_TO_32_BIT_CONVERSION = YES;
				GCC_WARN_ABOUT_RETURN_TYPE = YES_ERROR;
				GCC_WARN_UNDECLARED_SELECTOR = YES;
				GCC_WARN_UNINITIALIZED_AUTOS = YES_AGGRESSIVE;
				GCC_WARN_UNUSED_FUNCTION = YES;
				GCC_WARN_UNUSED_VARIABLE = YES;
				LOCALIZATION_PREFERS_STRING_CATALOGS = YES;
				MACOSX_DEPLOYMENT_TARGET = 15.0;
				MTL_ENABLE_DEBUG_INFO = NO;
				MTL_FAST_MATH = YES;
				SDKROOT = macosx;
				STRING_CATALOG_GENERATE_SYMBOLS = YES;
				SWIFT_COMPILATION_MODE = wholemodule;
				SWIFT_OPTIMIZATION_LEVEL = "-O";
				SWIFT_VERSION = 6.0;
			};
			name = Release;
		};
		111111111111111111111903 /* Debug */ = {
			isa = XCBuildConfiguration;
			buildSettings = {
				CODE_SIGN_IDENTITY = "-";
				CODE_SIGN_STYLE = Manual;
				COMBINE_HIDPI_IMAGES = YES;
				CURRENT_PROJECT_VERSION = 1;
				DEAD_CODE_STRIPPING = YES;
				ENABLE_HARDENED_RUNTIME = YES;
				GENERATE_INFOPLIST_FILE = YES;
				INFOPLIST_KEY_CFBundleDisplayName = "App Signing Inspector";
				INFOPLIST_KEY_LSApplicationCategoryType = "public.app-category.utilities";
				INFOPLIST_KEY_NSHumanReadableCopyright = "Copyright © 2026 App Signing Inspector contributors";
				LD_RUNPATH_SEARCH_PATHS = (
					"$(inherited)",
					"@executable_path/../Frameworks",
				);
				MACOSX_DEPLOYMENT_TARGET = 15.0;
				MARKETING_VERSION = 0.1.0;
				PRODUCT_BUNDLE_IDENTIFIER = com.appsigninginspector.AppSigningInspector;
				PRODUCT_MODULE_NAME = AppSigningInspector;
				PRODUCT_NAME = "App Signing Inspector";
				SWIFT_VERSION = 6.0;
			};
			name = Debug;
		};
		111111111111111111111904 /* Release */ = {
			isa = XCBuildConfiguration;
			buildSettings = {
				CODE_SIGN_IDENTITY = "-";
				CODE_SIGN_STYLE = Manual;
				COMBINE_HIDPI_IMAGES = YES;
				CURRENT_PROJECT_VERSION = 1;
				DEAD_CODE_STRIPPING = YES;
				ENABLE_HARDENED_RUNTIME = YES;
				GENERATE_INFOPLIST_FILE = YES;
				INFOPLIST_KEY_CFBundleDisplayName = "App Signing Inspector";
				INFOPLIST_KEY_LSApplicationCategoryType = "public.app-category.utilities";
				INFOPLIST_KEY_NSHumanReadableCopyright = "Copyright © 2026 App Signing Inspector contributors";
				LD_RUNPATH_SEARCH_PATHS = (
					"$(inherited)",
					"@executable_path/../Frameworks",
				);
				MACOSX_DEPLOYMENT_TARGET = 15.0;
				MARKETING_VERSION = 0.1.0;
				PRODUCT_BUNDLE_IDENTIFIER = com.appsigninginspector.AppSigningInspector;
				PRODUCT_MODULE_NAME = AppSigningInspector;
				PRODUCT_NAME = "App Signing Inspector";
				SWIFT_VERSION = 6.0;
			};
			name = Release;
		};
		111111111111111111111905 /* Debug */ = {
			isa = XCBuildConfiguration;
			buildSettings = {
				BUNDLE_LOADER = "$(TEST_HOST)";
				CODE_SIGN_IDENTITY = "-";
				CODE_SIGN_STYLE = Manual;
				CURRENT_PROJECT_VERSION = 1;
				DEAD_CODE_STRIPPING = YES;
				GENERATE_INFOPLIST_FILE = YES;
				LD_RUNPATH_SEARCH_PATHS = (
					"$(inherited)",
					"@executable_path/../Frameworks",
					"@loader_path/../Frameworks",
				);
				MACOSX_DEPLOYMENT_TARGET = 15.0;
				MARKETING_VERSION = 0.1.0;
				PRODUCT_BUNDLE_IDENTIFIER = com.appsigninginspector.AppSigningInspectorTests;
				PRODUCT_MODULE_NAME = AppSigningInspectorTests;
				PRODUCT_NAME = "$(TARGET_NAME)";
				SWIFT_VERSION = 6.0;
				TEST_HOST = "$(BUILT_PRODUCTS_DIR)/App Signing Inspector.app/$(BUNDLE_EXECUTABLE_FOLDER_PATH)/App Signing Inspector";
			};
			name = Debug;
		};
		111111111111111111111906 /* Release */ = {
			isa = XCBuildConfiguration;
			buildSettings = {
				BUNDLE_LOADER = "$(TEST_HOST)";
				CODE_SIGN_IDENTITY = "-";
				CODE_SIGN_STYLE = Manual;
				CURRENT_PROJECT_VERSION = 1;
				DEAD_CODE_STRIPPING = YES;
				GENERATE_INFOPLIST_FILE = YES;
				LD_RUNPATH_SEARCH_PATHS = (
					"$(inherited)",
					"@executable_path/../Frameworks",
					"@loader_path/../Frameworks",
				);
				MACOSX_DEPLOYMENT_TARGET = 15.0;
				MARKETING_VERSION = 0.1.0;
				PRODUCT_BUNDLE_IDENTIFIER = com.appsigninginspector.AppSigningInspectorTests;
				PRODUCT_MODULE_NAME = AppSigningInspectorTests;
				PRODUCT_NAME = "$(TARGET_NAME)";
				SWIFT_VERSION = 6.0;
				TEST_HOST = "$(BUILT_PRODUCTS_DIR)/App Signing Inspector.app/$(BUNDLE_EXECUTABLE_FOLDER_PATH)/App Signing Inspector";
			};
			name = Release;
		};
/* End XCBuildConfiguration section */

/* Begin XCConfigurationList section */
		111111111111111111111800 /* Build configuration list for PBXProject "AppSigningInspector" */ = {
			isa = XCConfigurationList;
			buildConfigurations = (
				111111111111111111111901 /* Debug */,
				111111111111111111111902 /* Release */,
			);
			defaultConfigurationIsVisible = 0;
			defaultConfigurationName = Release;
		};
		111111111111111111111801 /* Build configuration list for PBXNativeTarget "AppSigningInspector" */ = {
			isa = XCConfigurationList;
			buildConfigurations = (
				111111111111111111111903 /* Debug */,
				111111111111111111111904 /* Release */,
			);
			defaultConfigurationIsVisible = 0;
			defaultConfigurationName = Release;
		};
		111111111111111111111802 /* Build configuration list for PBXNativeTarget "AppSigningInspectorTests" */ = {
			isa = XCConfigurationList;
			buildConfigurations = (
				111111111111111111111905 /* Debug */,
				111111111111111111111906 /* Release */,
			);
			defaultConfigurationIsVisible = 0;
			defaultConfigurationName = Release;
		};
/* End XCConfigurationList section */
	};
	rootObject = 111111111111111111111300 /* Project object */;
}
